
Microsoft Visual Studio Solution File, Format Version 12.00
# Visual Studio Version 17
VisualStudioVersion = 17.6.33829.357
MinimumVisualStudioVersion = 10.0.40219.1
Project("{FAE04EC0-301F-11D3-BF4B-00C04F79EFBC}") = "MatrixPrintedDiagonalWise", "MatrixPrintedDiagonalWise\MatrixPrintedDiagonalWise.csproj", "{2F1BA7EA-8196-4B69-989E-63A047297C15}"
EndProject
Global
	GlobalSection(SolutionConfigurationPlatforms) = preSolution
		Debug|Any CPU = Debug|Any CPU
		Release|Any CPU = Release|Any CPU
	EndGlobalSection
	GlobalSection(ProjectConfigurationPlatforms) = postSolution
		{2F1BA7EA-8196-4B69-989E-63A047297C15}.Debug|Any CPU.ActiveCfg = Debug|Any CPU
		{2F1BA7EA-8196-4B69-989E-63A047297C15}.Debug|Any CPU.Build.0 = Debug|Any CPU
		{2F1BA7EA-8196-4B69-989E-63A047297C15}.Release|Any CPU.ActiveCfg = Release|Any CPU
		{2F1BA7EA-8196-4B69-989E-63A047297C15}.Release|Any CPU.Build.0 = Release|Any CPU
	EndGlobalSection
	GlobalSection(SolutionProperties) = preSolution
		HideSolutionNode = FALSE
	EndGlobalSection
	GlobalSection(ExtensibilityGlobals) = postSolution
		SolutionGuid = {C033B7ED-CDC3-43DE-A1E2-3F524E55BC89}
	EndGlobalSection
EndGlobal
